
Microsoft Visual Studio Solution File, Format Version 12.00
# Visual Studio 15
VisualStudioVersion = 15.0.28307.329
MinimumVisualStudioVersion = 10.0.40219.1
Project("{FAE04EC0-301F-11D3-BF4B-00C04F79EFBC}") = "Mengkome", "Mengkome\Mengkome.csproj", "{142B90CC-3B44-4D46-A2A7-5A6CC241EF32}"
EndProject
Global
	GlobalSection(SolutionConfigurationPlatforms) = preSolution
		Debug|Any CPU = Debug|Any CPU
		Release|Any CPU = Release|Any CPU
	EndGlobalSection
	GlobalSection(ProjectConfigurationPlatforms) = postSolution
		{142B90CC-3B44-4D46-A2A7-5A6CC241EF32}.Debug|Any CPU.ActiveCfg = Debug|Any CPU
		{142B90CC-3B44-4D46-A2A7-5A6CC241EF32}.Debug|Any CPU.Build.0 = Debug|Any CPU
		{142B90CC-3B44-4D46-A2A7-5A6CC241EF32}.Release|Any CPU.ActiveCfg = Release|Any CPU
		{142B90CC-3B44-4D46-A2A7-5A6CC241EF32}.Release|Any CPU.Build.0 = Release|Any CPU
	EndGlobalSection
	GlobalSection(SolutionProperties) = preSolution
		HideSolutionNode = FALSE
	EndGlobalSection
	GlobalSection(ExtensibilityGlobals) = postSolution
		SolutionGuid = {E88F8ED8-B444-4B46-B7CD-E2F3AFF90D07}
	EndGlobalSection
EndGlobal
